
Microsoft Visual Studio Solution File, Format Version 12.00
# Visual Studio Version 16
VisualStudioVersion = 16.0.29123.88
MinimumVisualStudioVersion = 10.0.40219.1
Project("{6EC3EE1D-3C4E-46DD-8F32-0CC8E7565705}") = "NokiaComposer", "NokiaComposer\NokiaComposer.fsproj", "{FD922CEA-7160-4A18-8594-3B461AF9A954}"
EndProject
Project("{F2A71F9B-5D33-465A-A702-920D77279786}") = "Tests", "Tests\Tests.fsproj", "{BAB605EF-06E6-4BED-85A9-43F35DF833C3}"
EndProject
Global
	GlobalSection(SolutionConfigurationPlatforms) = preSolution
		Debug|Any CPU = Debug|Any CPU
		Release|Any CPU = Release|Any CPU
	EndGlobalSection
	GlobalSection(ProjectConfigurationPlatforms) = postSolution
		{FD922CEA-7160-4A18-8594-3B461AF9A954}.Debug|Any CPU.ActiveCfg = Debug|Any CPU
		{FD922CEA-7160-4A18-8594-3B461AF9A954}.Debug|Any CPU.Build.0 = Debug|Any CPU
		{FD922CEA-7160-4A18-8594-3B461AF9A954}.Release|Any CPU.ActiveCfg = Release|Any CPU
		{FD922CEA-7160-4A18-8594-3B461AF9A954}.Release|Any CPU.Build.0 = Release|Any CPU
		{BAB605EF-06E6-4BED-85A9-43F35DF833C3}.Debug|Any CPU.ActiveCfg = Debug|Any CPU
		{BAB605EF-06E6-4BED-85A9-43F35DF833C3}.Debug|Any CPU.Build.0 = Debug|Any CPU
		{BAB605EF-06E6-4BED-85A9-43F35DF833C3}.Release|Any CPU.ActiveCfg = Release|Any CPU
		{BAB605EF-06E6-4BED-85A9-43F35DF833C3}.Release|Any CPU.Build.0 = Release|Any CPU
	EndGlobalSection
	GlobalSection(SolutionProperties) = preSolution
		HideSolutionNode = FALSE
	EndGlobalSection
	GlobalSection(ExtensibilityGlobals) = postSolution
		SolutionGuid = {63220E20-A61F-4109-BCB0-FEE0C421590D}
	EndGlobalSection
EndGlobal
